
Microsoft Visual Studio Solution File, Format Version 12.00
# Visual Studio Version 17
VisualStudioVersion = 17.10.35122.118
MinimumVisualStudioVersion = 10.0.40219.1
Project("{FAE04EC0-301F-11D3-BF4B-00C04F79EFBC}") = "MazeGame", "MazeGame\MazeGame.csproj", "{6289D9F5-D852-4F57-934A-E94F8DB768D5}"
EndProject
Global
	GlobalSection(SolutionConfigurationPlatforms) = preSolution
		Debug|Any CPU = Debug|Any CPU
		Release|Any CPU = Release|Any CPU
	EndGlobalSection
	GlobalSection(ProjectConfigurationPlatforms) = postSolution
		{6289D9F5-D852-4F57-934A-E94F8DB768D5}.Debug|Any CPU.ActiveCfg = Debug|Any CPU
		{6289D9F5-D852-4F57-934A-E94F8DB768D5}.Debug|Any CPU.Build.0 = Debug|Any CPU
		{6289D9F5-D852-4F57-934A-E94F8DB768D5}.Release|Any CPU.ActiveCfg = Release|Any CPU
		{6289D9F5-D852-4F57-934A-E94F8DB768D5}.Release|Any CPU.Build.0 = Release|Any CPU
	EndGlobalSection
	GlobalSection(SolutionProperties) = preSolution
		HideSolutionNode = FALSE
	EndGlobalSection
	GlobalSection(ExtensibilityGlobals) = postSolution
		SolutionGuid = {C3934E3D-B553-408D-8759-D02856711B51}
	EndGlobalSection
EndGlobal
